
Microsoft Visual Studio Solution File, Format Version 12.00
# Visual Studio Version 17
VisualStudioVersion = 17.0.31903.59
MinimumVisualStudioVersion = 10.0.40219.1
Project("{2150E333-8FDC-42A3-9474-1A3956D46DE8}") = "src", "src", "{827E0CD3-B72D-47B6-A68D-7590B98EB39B}"
EndProject
Project("{2150E333-8FDC-42A3-9474-1A3956D46DE8}") = "Domain", "Domain", "{8B290487-4C16-E85E-E807-F579CBE9FC4D}"
EndProject
Project("{FAE04EC0-301F-11D3-BF4B-00C04F79EFBC}") = "GridironFrontOffice.Domain", "src\Domain\GridironFrontOffice.Domain.csproj", "{5ECDDF96-188E-4159-AD1C-C62445BD422C}"
EndProject
Project("{2150E333-8FDC-42A3-9474-1A3956D46DE8}") = "Simulation", "Simulation", "{D6604CE9-0C60-BF10-AEE0-778E201B8B08}"
EndProject
Project("{FAE04EC0-301F-11D3-BF4B-00C04F79EFBC}") = "GridironFrontOffice.Simulation", "src\Simulation\GridironFrontOffice.Simulation.csproj", "{0D9704E1-50A3-4477-94D6-6EBE845C5CA8}"
EndProject
Project("{2150E333-8FDC-42A3-9474-1A3956D46DE8}") = "Application", "Application", "{22BAF98C-8415-17C4-B26A-D537657BC863}"
EndProject
Project("{FAE04EC0-301F-11D3-BF4B-00C04F79EFBC}") = "GridironFrontOffice.Application", "src\Application\GridironFrontOffice.Application.csproj", "{2FFE8655-B00B-4543-9498-AB73D938BE08}"
EndProject
Project("{2150E333-8FDC-42A3-9474-1A3956D46DE8}") = "Persistence", "Persistence", "{3BA5312F-4CB7-F189-D5EC-6A9485924027}"
EndProject
Project("{FAE04EC0-301F-11D3-BF4B-00C04F79EFBC}") = "GridironFrontOffice.Persistence", "src\Persistence\GridironFrontOffice.Persistence.csproj", "{A05116BF-040B-4679-9D2C-365BDF875AFA}"
EndProject
Project("{2150E333-8FDC-42A3-9474-1A3956D46DE8}") = "UI", "UI", "{BBB7B94B-6E11-D9F1-7BA6-9ECA82DB22BF}"
EndProject
Project("{FAE04EC0-301F-11D3-BF4B-00C04F79EFBC}") = "GridironFrontOffice.UI", "src\UI\GridironFrontOffice.UI.csproj", "{AFB631AA-08A1-454E-8FAF-CADB8406E5DB}"
EndProject
Project("{2150E333-8FDC-42A3-9474-1A3956D46DE8}") = "Desktop", "Desktop", "{2951E765-5F77-95BA-3D85-F41283DA5914}"
EndProject
Project("{FAE04EC0-301F-11D3-BF4B-00C04F79EFBC}") = "GridironFrontOffice.Desktop", "src\Desktop\GridironFrontOffice.Desktop.csproj", "{F7517AE4-BC89-4BD1-9504-E94FF148542B}"
EndProject
Project("{2150E333-8FDC-42A3-9474-1A3956D46DE8}") = "Framework", "Framework", "{E0AD1809-C64F-3D39-45E0-E424261CE16D}"
EndProject
Project("{FAE04EC0-301F-11D3-BF4B-00C04F79EFBC}") = "GridironFrontOffice.Framework", "src\Framework\GridironFrontOffice.Framework.csproj", "{64B8C4B7-45C3-4754-8251-74613B1D49D9}"
EndProject
Project("{FAE04EC0-301F-11D3-BF4B-00C04F79EFBC}") = "GridironFrontOffice.Tests", "src\GridironFrontOffice.Tests\GridironFrontOffice.Tests.csproj", "{60B21448-CC3C-4E00-8699-07A0D3333812}"
EndProject
Global
	GlobalSection(SolutionConfigurationPlatforms) = preSolution
		Debug|Any CPU = Debug|Any CPU
		Debug|x64 = Debug|x64
		Debug|x86 = Debug|x86
		Release|Any CPU = Release|Any CPU
		Release|x64 = Release|x64
		Release|x86 = Release|x86
	EndGlobalSection
	GlobalSection(ProjectConfigurationPlatforms) = postSolution
		{5ECDDF96-188E-4159-AD1C-C62445BD422C}.Debug|Any CPU.ActiveCfg = Debug|Any CPU
		{5ECDDF96-188E-4159-AD1C-C62445BD422C}.Debug|Any CPU.Build.0 = Debug|Any CPU
		{5ECDDF96-188E-4159-AD1C-C62445BD422C}.Debug|x64.ActiveCfg = Debug|Any CPU
		{5ECDDF96-188E-4159-AD1C-C62445BD422C}.Debug|x64.Build.0 = Debug|Any CPU
		{5ECDDF96-188E-4159-AD1C-C62445BD422C}.Debug|x86.ActiveCfg = Debug|Any CPU
		{5ECDDF96-188E-4159-AD1C-C62445BD422C}.Debug|x86.Build.0 = Debug|Any CPU
		{5ECDDF96-188E-4159-AD1C-C62445BD422C}.Release|Any CPU.ActiveCfg = Release|Any CPU
		{5ECDDF96-188E-4159-AD1C-C62445BD422C}.Release|Any CPU.Build.0 = Release|Any CPU
		{5ECDDF96-188E-4159-AD1C-C62445BD422C}.Release|x64.ActiveCfg = Release|Any CPU
		{5ECDDF96-188E-4159-AD1C-C62445BD422C}.Release|x64.Build.0 = Release|Any CPU
		{5ECDDF96-188E-4159-AD1C-C62445BD422C}.Release|x86.ActiveCfg = Release|Any CPU
		{5ECDDF96-188E-4159-AD1C-C62445BD422C}.Release|x86.Build.0 = Release|Any CPU
		{0D9704E1-50A3-4477-94D6-6EBE845C5CA8}.Debug|Any CPU.ActiveCfg = Debug|Any CPU
		{0D9704E1-50A3-4477-94D6-6EBE845C5CA8}.Debug|Any CPU.Build.0 = Debug|Any CPU
		{0D9704E1-50A3-4477-94D6-6EBE845C5CA8}.Debug|x64.ActiveCfg = Debug|Any CPU
		{0D9704E1-50A3-4477-94D6-6EBE845C5CA8}.Debug|x64.Build.0 = Debug|Any CPU
		{0D9704E1-50A3-4477-94D6-6EBE845C5CA8}.Debug|x86.ActiveCfg = Debug|Any CPU
		{0D9704E1-50A3-4477-94D6-6EBE845C5CA8}.Debug|x86.Build.0 = Debug|Any CPU
		{0D9704E1-50A3-4477-94D6-6EBE845C5CA8}.Release|Any CPU.ActiveCfg = Release|Any CPU
		{0D9704E1-50A3-4477-94D6-6EBE845C5CA8}.Release|Any CPU.Build.0 = Release|Any CPU
		{0D9704E1-50A3-4477-94D6-6EBE845C5CA8}.Release|x64.ActiveCfg = Release|Any CPU
		{0D9704E1-50A3-4477-94D6-6EBE845C5CA8}.Release|x64.Build.0 = Release|Any CPU
		{0D9704E1-50A3-4477-94D6-6EBE845C5CA8}.Release|x86.ActiveCfg = Release|Any CPU
		{0D9704E1-50A3-4477-94D6-6EBE845C5CA8}.Release|x86.Build.0 = Release|Any CPU
		{2FFE8655-B00B-4543-9498-AB73D938BE08}.Debug|Any CPU.ActiveCfg = Debug|Any CPU
		{2FFE8655-B00B-4543-9498-AB73D938BE08}.Debug|Any CPU.Build.0 = Debug|Any CPU
		{2FFE8655-B00B-4543-9498-AB73D938BE08}.Debug|x64.ActiveCfg = Debug|Any CPU
		{2FFE8655-B00B-4543-9498-AB73D938BE08}.Debug|x64.Build.0 = Debug|Any CPU
		{2FFE8655-B00B-4543-9498-AB73D938BE08}.Debug|x86.ActiveCfg = Debug|Any CPU
		{2FFE8655-B00B-4543-9498-AB73D938BE08}.Debug|x86.Build.0 = Debug|Any CPU
		{2FFE8655-B00B-4543-9498-AB73D938BE08}.Release|Any CPU.ActiveCfg = Release|Any CPU
		{2FFE8655-B00B-4543-9498-AB73D938BE08}.Release|Any CPU.Build.0 = Release|Any CPU
		{2FFE8655-B00B-4543-9498-AB73D938BE08}.Release|x64.ActiveCfg = Release|Any CPU
		{2FFE8655-B00B-4543-9498-AB73D938BE08}.Release|x64.Build.0 = Release|Any CPU
		{2FFE8655-B00B-4543-9498-AB73D938BE08}.Release|x86.ActiveCfg = Release|Any CPU
		{2FFE8655-B00B-4543-9498-AB73D938BE08}.Release|x86.Build.0 = Release|Any CPU
		{A05116BF-040B-4679-9D2C-365BDF875AFA}.Debug|Any CPU.ActiveCfg = Debug|Any CPU
		{A05116BF-040B-4679-9D2C-365BDF875AFA}.Debug|Any CPU.Build.0 = Debug|Any CPU
		{A05116BF-040B-4679-9D2C-365BDF875AFA}.Debug|x64.ActiveCfg = Debug|Any CPU
		{A05116BF-040B-4679-9D2C-365BDF875AFA}.Debug|x64.Build.0 = Debug|Any CPU
		{A05116BF-040B-4679-9D2C-365BDF875AFA}.Debug|x86.ActiveCfg = Debug|Any CPU
		{A05116BF-040B-4679-9D2C-365BDF875AFA}.Debug|x86.Build.0 = Debug|Any CPU
		{A05116BF-040B-4679-9D2C-365BDF875AFA}.Release|Any CPU.ActiveCfg = Release|Any CPU
		{A05116BF-040B-4679-9D2C-365BDF875AFA}.Release|Any CPU.Build.0 = Release|Any CPU
		{A05116BF-040B-4679-9D2C-365BDF875AFA}.Release|x64.ActiveCfg = Release|Any CPU
		{A05116BF-040B-4679-9D2C-365BDF875AFA}.Release|x64.Build.0 = Release|Any CPU
		{A05116BF-040B-4679-9D2C-365BDF875AFA}.Release|x86.ActiveCfg = Release|Any CPU
		{A05116BF-040B-4679-9D2C-365BDF875AFA}.Release|x86.Build.0 = Release|Any CPU
		{AFB631AA-08A1-454E-8FAF-CADB8406E5DB}.Debug|Any CPU.ActiveCfg = Debug|Any CPU
		{AFB631AA-08A1-454E-8FAF-CADB8406E5DB}.Debug|Any CPU.Build.0 = Debug|Any CPU
		{AFB631AA-08A1-454E-8FAF-CADB8406E5DB}.Debug|x64.ActiveCfg = Debug|Any CPU
		{AFB631AA-08A1-454E-8FAF-CADB8406E5DB}.Debug|x64.Build.0 = Debug|Any CPU
		{AFB631AA-08A1-454E-8FAF-CADB8406E5DB}.Debug|x86.ActiveCfg = Debug|Any CPU
		{AFB631AA-08A1-454E-8FAF-CADB8406E5DB}.Debug|x86.Build.0 = Debug|Any CPU
		{AFB631AA-08A1-454E-8FAF-CADB8406E5DB}.Release|Any CPU.ActiveCfg = Release|Any CPU
		{AFB631AA-08A1-454E-8FAF-CADB8406E5DB}.Release|Any CPU.Build.0 = Release|Any CPU
		{AFB631AA-08A1-454E-8FAF-CADB8406E5DB}.Release|x64.ActiveCfg = Release|Any CPU
		{AFB631AA-08A1-454E-8FAF-CADB8406E5DB}.Release|x64.Build.0 = Release|Any CPU
		{AFB631AA-08A1-454E-8FAF-CADB8406E5DB}.Release|x86.ActiveCfg = Release|Any CPU
		{AFB631AA-08A1-454E-8FAF-CADB8406E5DB}.Release|x86.Build.0 = Release|Any CPU
		{F7517AE4-BC89-4BD1-9504-E94FF148542B}.Debug|Any CPU.ActiveCfg = Debug|Any CPU
		{F7517AE4-BC89-4BD1-9504-E94FF148542B}.Debug|Any CPU.Build.0 = Debug|Any CPU
		{F7517AE4-BC89-4BD1-9504-E94FF148542B}.Debug|x64.ActiveCfg = Debug|Any CPU
		{F7517AE4-BC89-4BD1-9504-E94FF148542B}.Debug|x64.Build.0 = Debug|Any CPU
		{F7517AE4-BC89-4BD1-9504-E94FF148542B}.Debug|x86.ActiveCfg = Debug|Any CPU
		{F7517AE4-BC89-4BD1-9504-E94FF148542B}.Debug|x86.Build.0 = Debug|Any CPU
		{F7517AE4-BC89-4BD1-9504-E94FF148542B}.Release|Any CPU.ActiveCfg = Release|Any CPU
		{F7517AE4-BC89-4BD1-9504-E94FF148542B}.Release|Any CPU.Build.0 = Release|Any CPU
		{F7517AE4-BC89-4BD1-9504-E94FF148542B}.Release|x64.ActiveCfg = Release|Any CPU
		{F7517AE4-BC89-4BD1-9504-E94FF148542B}.Release|x64.Build.0 = Release|Any CPU
		{F7517AE4-BC89-4BD1-9504-E94FF148542B}.Release|x86.ActiveCfg = Release|Any CPU
		{F7517AE4-BC89-4BD1-9504-E94FF148542B}.Release|x86.Build.0 = Release|Any CPU
		{64B8C4B7-45C3-4754-8251-74613B1D49D9}.Debug|Any CPU.ActiveCfg = Debug|Any CPU
		{64B8C4B7-45C3-4754-8251-74613B1D49D9}.Debug|Any CPU.Build.0 = Debug|Any CPU
		{64B8C4B7-45C3-4754-8251-74613B1D49D9}.Debug|x64.ActiveCfg = Debug|Any CPU
		{64B8C4B7-45C3-4754-8251-74613B1D49D9}.Debug|x64.Build.0 = Debug|Any CPU
		{64B8C4B7-45C3-4754-8251-74613B1D49D9}.Debug|x86.ActiveCfg = Debug|Any CPU
		{64B8C4B7-45C3-4754-8251-74613B1D49D9}.Debug|x86.Build.0 = Debug|Any CPU
		{64B8C4B7-45C3-4754-8251-74613B1D49D9}.Release|Any CPU.ActiveCfg = Release|Any CPU
		{64B8C4B7-45C3-4754-8251-74613B1D49D9}.Release|Any CPU.Build.0 = Release|Any CPU
		{64B8C4B7-45C3-4754-8251-74613B1D49D9}.Release|x64.ActiveCfg = Release|Any CPU
		{64B8C4B7-45C3-4754-8251-74613B1D49D9}.Release|x64.Build.0 = Release|Any CPU
		{64B8C4B7-45C3-4754-8251-74613B1D49D9}.Release|x86.ActiveCfg = Release|Any CPU
		{64B8C4B7-45C3-4754-8251-74613B1D49D9}.Release|x86.Build.0 = Release|Any CPU
		{60B21448-CC3C-4E00-8699-07A0D3333812}.Debug|Any CPU.ActiveCfg = Debug|Any CPU
		{60B21448-CC3C-4E00-8699-07A0D3333812}.Debug|Any CPU.Build.0 = Debug|Any CPU
		{60B21448-CC3C-4E00-8699-07A0D3333812}.Debug|x64.ActiveCfg = Debug|Any CPU
		{60B21448-CC3C-4E00-8699-07A0D3333812}.Debug|x64.Build.0 = Debug|Any CPU
		{60B21448-CC3C-4E00-8699-07A0D3333812}.Debug|x86.ActiveCfg = Debug|Any CPU
		{60B21448-CC3C-4E00-8699-07A0D3333812}.Debug|x86.Build.0 = Debug|Any CPU
		{60B21448-CC3C-4E00-8699-07A0D3333812}.Release|Any CPU.ActiveCfg = Release|Any CPU
		{60B21448-CC3C-4E00-8699-07A0D3333812}.Release|Any CPU.Build.0 = Release|Any CPU
		{60B21448-CC3C-4E00-8699-07A0D3333812}.Release|x64.ActiveCfg = Release|Any CPU
		{60B21448-CC3C-4E00-8699-07A0D3333812}.Release|x64.Build.0 = Release|Any CPU
		{60B21448-CC3C-4E00-8699-07A0D3333812}.Release|x86.ActiveCfg = Release|Any CPU
		{60B21448-CC3C-4E00-8699-07A0D3333812}.Release|x86.Build.0 = Release|Any CPU
	EndGlobalSection
	GlobalSection(SolutionProperties) = preSolution
		HideSolutionNode = FALSE
	EndGlobalSection
	GlobalSection(NestedProjects) = preSolution
		{8B290487-4C16-E85E-E807-F579CBE9FC4D} = {827E0CD3-B72D-47B6-A68D-7590B98EB39B}
		{5ECDDF96-188E-4159-AD1C-C62445BD422C} = {8B290487-4C16-E85E-E807-F579CBE9FC4D}
		{D6604CE9-0C60-BF10-AEE0-778E201B8B08} = {827E0CD3-B72D-47B6-A68D-7590B98EB39B}
		{0D9704E1-50A3-4477-94D6-6EBE845C5CA8} = {D6604CE9-0C60-BF10-AEE0-778E201B8B08}
		{22BAF98C-8415-17C4-B26A-D537657BC863} = {827E0CD3-B72D-47B6-A68D-7590B98EB39B}
		{2FFE8655-B00B-4543-9498-AB73D938BE08} = {22BAF98C-8415-17C4-B26A-D537657BC863}
		{3BA5312F-4CB7-F189-D5EC-6A9485924027} = {827E0CD3-B72D-47B6-A68D-7590B98EB39B}
		{A05116BF-040B-4679-9D2C-365BDF875AFA} = {3BA5312F-4CB7-F189-D5EC-6A9485924027}
		{BBB7B94B-6E11-D9F1-7BA6-9ECA82DB22BF} = {827E0CD3-B72D-47B6-A68D-7590B98EB39B}
		{AFB631AA-08A1-454E-8FAF-CADB8406E5DB} = {BBB7B94B-6E11-D9F1-7BA6-9ECA82DB22BF}
		{2951E765-5F77-95BA-3D85-F41283DA5914} = {827E0CD3-B72D-47B6-A68D-7590B98EB39B}
		{F7517AE4-BC89-4BD1-9504-E94FF148542B} = {2951E765-5F77-95BA-3D85-F41283DA5914}
		{E0AD1809-C64F-3D39-45E0-E424261CE16D} = {827E0CD3-B72D-47B6-A68D-7590B98EB39B}
		{64B8C4B7-45C3-4754-8251-74613B1D49D9} = {E0AD1809-C64F-3D39-45E0-E424261CE16D}
		{60B21448-CC3C-4E00-8699-07A0D3333812} = {827E0CD3-B72D-47B6-A68D-7590B98EB39B}
	EndGlobalSection
	GlobalSection(ExtensibilityGlobals) = postSolution
		SolutionGuid = {1051C4CC-F415-4CC2-9D62-56874EC365F6}
	EndGlobalSection
EndGlobal
